
Microsoft Visual Studio Solution File, Format Version 12.00
# Visual Studio Version 16
VisualStudioVersion = 16.0.31424.327
MinimumVisualStudioVersion = 10.0.40219.1
Project("{9A19103F-16F7-4668-BE54-9A1E7A4F7556}") = "DroneMaintenance.API", "DroneMaintenance.API\DroneMaintenance.API.csproj", "{D288C7A5-4241-443C-B33D-7F912DC77151}"
EndProject
Project("{9A19103F-16F7-4668-BE54-9A1E7A4F7556}") = "DroneMaintenance.DAL", "DroneMaintenance.DAL\DroneMaintenance.DAL.csproj", "{AB45210A-877F-4E8E-B9C9-86A36FAFF725}"
EndProject
Project("{9A19103F-16F7-4668-BE54-9A1E7A4F7556}") = "DroneMaintenance.Models", "DroneMaintenance.Models\DroneMaintenance.Models.csproj", "{1207E10F-4123-4D69-BCCE-00173D1EDD9D}"
EndProject
Project("{9A19103F-16F7-4668-BE54-9A1E7A4F7556}") = "DroneMaintenance.BLL", "DroneMaintenance.BLL\DroneMaintenance.BLL.csproj", "{7BF90686-8EAD-431B-9008-A53D40F33EBB}"
EndProject
Project("{E53339B2-1760-4266-BCC7-CA923CBCF16C}") = "docker-compose", "docker-compose.dcproj", "{0B3366FD-7A6E-47FF-9AFA-373979FD7599}"
EndProject
Project("{9A19103F-16F7-4668-BE54-9A1E7A4F7556}") = "DroneMaintenance.DTO", "DroneMaintenance.DTO\DroneMaintenance.DTO.csproj", "{96F39BF9-D483-4800-B5DE-458FCDD0DE3B}"
EndProject
Project("{FAE04EC0-301F-11D3-BF4B-00C04F79EFBC}") = "SparePartsOrders.API", "SparePartsOrders.API\SparePartsOrders.API.csproj", "{94E7DCF2-8FBD-48F7-8DAF-5A6F7EB3807C}"
EndProject
Global
	GlobalSection(SolutionConfigurationPlatforms) = preSolution
		Debug|Any CPU = Debug|Any CPU
		Release|Any CPU = Release|Any CPU
	EndGlobalSection
	GlobalSection(ProjectConfigurationPlatforms) = postSolution
		{D288C7A5-4241-443C-B33D-7F912DC77151}.Debug|Any CPU.ActiveCfg = Debug|Any CPU
		{D288C7A5-4241-443C-B33D-7F912DC77151}.Debug|Any CPU.Build.0 = Debug|Any CPU
		{D288C7A5-4241-443C-B33D-7F912DC77151}.Release|Any CPU.ActiveCfg = Release|Any CPU
		{D288C7A5-4241-443C-B33D-7F912DC77151}.Release|Any CPU.Build.0 = Release|Any CPU
		{AB45210A-877F-4E8E-B9C9-86A36FAFF725}.Debug|Any CPU.ActiveCfg = Debug|Any CPU
		{AB45210A-877F-4E8E-B9C9-86A36FAFF725}.Debug|Any CPU.Build.0 = Debug|Any CPU
		{AB45210A-877F-4E8E-B9C9-86A36FAFF725}.Release|Any CPU.ActiveCfg = Release|Any CPU
		{AB45210A-877F-4E8E-B9C9-86A36FAFF725}.Release|Any CPU.Build.0 = Release|Any CPU
		{1207E10F-4123-4D69-BCCE-00173D1EDD9D}.Debug|Any CPU.ActiveCfg = Debug|Any CPU
		{1207E10F-4123-4D69-BCCE-00173D1EDD9D}.Debug|Any CPU.Build.0 = Debug|Any CPU
		{1207E10F-4123-4D69-BCCE-00173D1EDD9D}.Release|Any CPU.ActiveCfg = Release|Any CPU
		{1207E10F-4123-4D69-BCCE-00173D1EDD9D}.Release|Any CPU.Build.0 = Release|Any CPU
		{7BF90686-8EAD-431B-9008-A53D40F33EBB}.Debug|Any CPU.ActiveCfg = Debug|Any CPU
		{7BF90686-8EAD-431B-9008-A53D40F33EBB}.Debug|Any CPU.Build.0 = Debug|Any CPU
		{7BF90686-8EAD-431B-9008-A53D40F33EBB}.Release|Any CPU.ActiveCfg = Release|Any CPU
		{7BF90686-8EAD-431B-9008-A53D40F33EBB}.Release|Any CPU.Build.0 = Release|Any CPU
		{0B3366FD-7A6E-47FF-9AFA-373979FD7599}.Debug|Any CPU.ActiveCfg = Debug|Any CPU
		{0B3366FD-7A6E-47FF-9AFA-373979FD7599}.Debug|Any CPU.Build.0 = Debug|Any CPU
		{0B3366FD-7A6E-47FF-9AFA-373979FD7599}.Release|Any CPU.ActiveCfg = Release|Any CPU
		{0B3366FD-7A6E-47FF-9AFA-373979FD7599}.Release|Any CPU.Build.0 = Release|Any CPU
		{96F39BF9-D483-4800-B5DE-458FCDD0DE3B}.Debug|Any CPU.ActiveCfg = Debug|Any CPU
		{96F39BF9-D483-4800-B5DE-458FCDD0DE3B}.Debug|Any CPU.Build.0 = Debug|Any CPU
		{96F39BF9-D483-4800-B5DE-458FCDD0DE3B}.Release|Any CPU.ActiveCfg = Release|Any CPU
		{96F39BF9-D483-4800-B5DE-458FCDD0DE3B}.Release|Any CPU.Build.0 = Release|Any CPU
		{94E7DCF2-8FBD-48F7-8DAF-5A6F7EB3807C}.Debug|Any CPU.ActiveCfg = Debug|Any CPU
		{94E7DCF2-8FBD-48F7-8DAF-5A6F7EB3807C}.Debug|Any CPU.Build.0 = Debug|Any CPU
		{94E7DCF2-8FBD-48F7-8DAF-5A6F7EB3807C}.Release|Any CPU.ActiveCfg = Release|Any CPU
		{94E7DCF2-8FBD-48F7-8DAF-5A6F7EB3807C}.Release|Any CPU.Build.0 = Release|Any CPU
	EndGlobalSection
	GlobalSection(SolutionProperties) = preSolution
		HideSolutionNode = FALSE
	EndGlobalSection
	GlobalSection(ExtensibilityGlobals) = postSolution
		SolutionGuid = {23FD85C7-22E4-4D04-A584-98B56212DB0B}
	EndGlobalSection
EndGlobal
